
Microsoft Visual Studio Solution File, Format Version 12.00
Project("{FAE04EC0-301F-11D3-BF4B-00C04F79EFBC}") = "Helios", "Helios\Helios.csproj", "{C9E234E2-DE64-4A54-9288-BB0D8804FDC7}"
EndProject
Project("{FAE04EC0-301F-11D3-BF4B-00C04F79EFBC}") = "Helios.Database", "Helios.Database\Helios.Database.csproj", "{014AEC95-B03B-4F10-840D-A8C9D49652BE}"
EndProject
Project("{FAE04EC0-301F-11D3-BF4B-00C04F79EFBC}") = "Helios.HTTP.Utilities", "Helios.HTTP.Utilities\Helios.HTTP.Utilities.csproj", "{6190AA85-9ACB-4BDC-AB9F-3A6D1DD4EAC9}"
EndProject
Project("{FAE04EC0-301F-11D3-BF4B-00C04F79EFBC}") = "CUE4Parse", "libs\CUE4Parse\CUE4Parse\CUE4Parse.csproj", "{1747D708-53E3-4BCC-A9CC-0B8A8954F61D}"
EndProject
Project("{FAE04EC0-301F-11D3-BF4B-00C04F79EFBC}") = "Helios.Socket", "Helios.Socket\Helios.Socket.csproj", "{48EEA8FF-CDF8-4296-95A7-23C00D82FEFC}"
EndProject
Global
	GlobalSection(SolutionConfigurationPlatforms) = preSolution
		Debug|Any CPU = Debug|Any CPU
		Release|Any CPU = Release|Any CPU
	EndGlobalSection
	GlobalSection(ProjectConfigurationPlatforms) = postSolution
		{C9E234E2-DE64-4A54-9288-BB0D8804FDC7}.Debug|Any CPU.ActiveCfg = Debug|Any CPU
		{C9E234E2-DE64-4A54-9288-BB0D8804FDC7}.Debug|Any CPU.Build.0 = Debug|Any CPU
		{C9E234E2-DE64-4A54-9288-BB0D8804FDC7}.Release|Any CPU.ActiveCfg = Release|Any CPU
		{C9E234E2-DE64-4A54-9288-BB0D8804FDC7}.Release|Any CPU.Build.0 = Release|Any CPU
		{014AEC95-B03B-4F10-840D-A8C9D49652BE}.Debug|Any CPU.ActiveCfg = Debug|Any CPU
		{014AEC95-B03B-4F10-840D-A8C9D49652BE}.Debug|Any CPU.Build.0 = Debug|Any CPU
		{014AEC95-B03B-4F10-840D-A8C9D49652BE}.Release|Any CPU.ActiveCfg = Release|Any CPU
		{014AEC95-B03B-4F10-840D-A8C9D49652BE}.Release|Any CPU.Build.0 = Release|Any CPU
		{6190AA85-9ACB-4BDC-AB9F-3A6D1DD4EAC9}.Debug|Any CPU.ActiveCfg = Debug|Any CPU
		{6190AA85-9ACB-4BDC-AB9F-3A6D1DD4EAC9}.Debug|Any CPU.Build.0 = Debug|Any CPU
		{6190AA85-9ACB-4BDC-AB9F-3A6D1DD4EAC9}.Release|Any CPU.ActiveCfg = Release|Any CPU
		{6190AA85-9ACB-4BDC-AB9F-3A6D1DD4EAC9}.Release|Any CPU.Build.0 = Release|Any CPU
		{1747D708-53E3-4BCC-A9CC-0B8A8954F61D}.Debug|Any CPU.ActiveCfg = Debug|Any CPU
		{1747D708-53E3-4BCC-A9CC-0B8A8954F61D}.Debug|Any CPU.Build.0 = Debug|Any CPU
		{1747D708-53E3-4BCC-A9CC-0B8A8954F61D}.Release|Any CPU.ActiveCfg = Release|Any CPU
		{1747D708-53E3-4BCC-A9CC-0B8A8954F61D}.Release|Any CPU.Build.0 = Release|Any CPU
		{48EEA8FF-CDF8-4296-95A7-23C00D82FEFC}.Debug|Any CPU.ActiveCfg = Debug|Any CPU
		{48EEA8FF-CDF8-4296-95A7-23C00D82FEFC}.Debug|Any CPU.Build.0 = Debug|Any CPU
		{48EEA8FF-CDF8-4296-95A7-23C00D82FEFC}.Release|Any CPU.ActiveCfg = Release|Any CPU
		{48EEA8FF-CDF8-4296-95A7-23C00D82FEFC}.Release|Any CPU.Build.0 = Release|Any CPU
	EndGlobalSection
EndGlobal
